// !$*UTF8*$!
{
	archiveVersion = 1;
	classes = {
	};
	objectVersion = 48;
	objects = {

/* Begin PBXBuildFile section */
		84400E2C1FC76F86006CF7B8 /* AppDelegate.m in Sources */ = {isa = PBXBuildFile; fileRef = 84400E2B1FC76F86006CF7B8 /* AppDelegate.m */; };
		84400E321FC76F86006CF7B8 /* Main.storyboard in Resources */ = {isa = PBXBuildFile; fileRef = 84400E301FC76F86006CF7B8 /* Main.storyboard */; };
		84400E341FC76F86006CF7B8 /* Assets.xcassets in Resources */ = {isa = PBXBuildFile; fileRef = 84400E331FC76F86006CF7B8 /* Assets.xcassets */; };
		84400E371FC76F86006CF7B8 /* LaunchScreen.storyboard in Resources */ = {isa = PBXBuildFile; fileRef = 84400E351FC76F86006CF7B8 /* LaunchScreen.storyboard */; };
		84400E3A1FC76F86006CF7B8 /* main.m in Sources */ = {isa = PBXBuildFile; fileRef = 84400E391FC76F86006CF7B8 /* main.m */; };
		84400E4C1FC77235006CF7B8 /* Pluto.png in Resources */ = {isa = PBXBuildFile; fileRef = 84400E421FC77233006CF7B8 /* Pluto.png */; };
		84400E4D1FC77235006CF7B8 /* Jupiter.png in Resources */ = {isa = PBXBuildFile; fileRef = 84400E431FC77233006CF7B8 /* Jupiter.png */; };
		84400E4E1FC77235006CF7B8 /* Earth.png in Resources */ = {isa = PBXBuildFile; fileRef = 84400E441FC77233006CF7B8 /* Earth.png */; };
		84400E4F1FC77235006CF7B8 /* Venus.png in Resources */ = {isa = PBXBuildFile; fileRef = 84400E451FC77234006CF7B8 /* Venus.png */; };
		84400E501FC77235006CF7B8 /* Mercury.png in Resources */ = {isa = PBXBuildFile; fileRef = 84400E461FC77234006CF7B8 /* Mercury.png */; };
		84400E511FC77235006CF7B8 /* Neptune.png in Resources */ = {isa = PBXBuildFile; fileRef = 84400E471FC77234006CF7B8 /* Neptune.png */; };
		84400E521FC77235006CF7B8 /* Saturn.png in Resources */ = {isa = PBXBuildFile; fileRef = 84400E481FC77234006CF7B8 /* Saturn.png */; };
		84400E531FC77235006CF7B8 /* Mars.png in Resources */ = {isa = PBXBuildFile; fileRef = 84400E491FC77234006CF7B8 /* Mars.png */; };
		84400E541FC77235006CF7B8 /* Moon.png in Resources */ = {isa = PBXBuildFile; fileRef = 84400E4A1FC77234006CF7B8 /* Moon.png */; };
		84400E551FC77235006CF7B8 /* Uranus.png in Resources */ = {isa = PBXBuildFile; fileRef = 84400E4B1FC77235006CF7B8 /* Uranus.png */; };
		84400E581FC77263006CF7B8 /* Planet.m in Sources */ = {isa = PBXBuildFile; fileRef = 84400E571FC77263006CF7B8 /* Planet.m */; };
		84400E5B1FC77B10006CF7B8 /* PlanetList.m in Sources */ = {isa = PBXBuildFile; fileRef = 84400E5A1FC77B10006CF7B8 /* PlanetList.m */; };
		84400E5E1FC786A8006CF7B8 /* TableViewController.m in Sources */ = {isa = PBXBuildFile; fileRef = 84400E5D1FC786A8006CF7B8 /* TableViewController.m */; };
		844CA3901FC8C9DE0051BAA4 /* ImageViewController.m in Sources */ = {isa = PBXBuildFile; fileRef = 844CA38F1FC8C9DE0051BAA4 /* ImageViewController.m */; };
		844CA3921FC8DB650051BAA4 /* Earth.jpg in Resources */ = {isa = PBXBuildFile; fileRef = 844CA3911FC8DB650051BAA4 /* Earth.jpg */; };
		844CA3941FC8E1D00051BAA4 /* Jupiter.jpg in Resources */ = {isa = PBXBuildFile; fileRef = 844CA3931FC8E1D00051BAA4 /* Jupiter.jpg */; };
		844CA3961FC8E1DB0051BAA4 /* Mars.jpg in Resources */ = {isa = PBXBuildFile; fileRef = 844CA3951FC8E1DB0051BAA4 /* Mars.jpg */; };
		844CA3981FC8E1E40051BAA4 /* Mercury.jpg in Resources */ = {isa = PBXBuildFile; fileRef = 844CA3971FC8E1E30051BAA4 /* Mercury.jpg */; };
		844CA39A1FC8E1EA0051BAA4 /* Moon.jpg in Resources */ = {isa = PBXBuildFile; fileRef = 844CA3991FC8E1EA0051BAA4 /* Moon.jpg */; };
		844CA39C1FC8E2030051BAA4 /* Moon.jpg in Resources */ = {isa = PBXBuildFile; fileRef = 844CA39B1FC8E2030051BAA4 /* Moon.jpg */; };
		844CA39E1FC8E20B0051BAA4 /* Neptune.jpg in Resources */ = {isa = PBXBuildFile; fileRef = 844CA39D1FC8E20B0051BAA4 /* Neptune.jpg */; };
		844CA3A01FC8E21B0051BAA4 /* Pluto.jpg in Resources */ = {isa = PBXBuildFile; fileRef = 844CA39F1FC8E21A0051BAA4 /* Pluto.jpg */; };
		844CA3A21FC8E2220051BAA4 /* Saturn.jpg in Resources */ = {isa = PBXBuildFile; fileRef = 844CA3A11FC8E2210051BAA4 /* Saturn.jpg */; };
		844CA3A41FC8E2310051BAA4 /* Uranus.jpg in Resources */ = {isa = PBXBuildFile; fileRef = 844CA3A31FC8E2300051BAA4 /* Uranus.jpg */; };
		844CA3A61FC8E2370051BAA4 /* Venus.jpg in Resources */ = {isa = PBXBuildFile; fileRef = 844CA3A51FC8E2370051BAA4 /* Venus.jpg */; };
/* End PBXBuildFile section */

/* Begin PBXFileReference section */
		84400E271FC76F86006CF7B8 /* SolarSystemApp.app */ = {isa = PBXFileReference; explicitFileType = wrapper.application; includeInIndex = 0; path = SolarSystemApp.app; sourceTree = BUILT_PRODUCTS_DIR; };
		84400E2A1FC76F86006CF7B8 /* AppDelegate.h */ = {isa = PBXFileReference; lastKnownFileType = sourcecode.c.h; path = AppDelegate.h; sourceTree = "<group>"; };
		84400E2B1FC76F86006CF7B8 /* AppDelegate.m */ = {isa = PBXFileReference; lastKnownFileType = sourcecode.c.objc; path = AppDelegate.m; sourceTree = "<group>"; };
		84400E311FC76F86006CF7B8 /* Base */ = {isa = PBXFileReference; lastKnownFileType = file.storyboard; name = Base; path = Base.lproj/Main.storyboard; sourceTree = "<group>"; };
		84400E331FC76F86006CF7B8 /* Assets.xcassets */ = {isa = PBXFileReference; lastKnownFileType = folder.assetcatalog; path = Assets.xcassets; sourceTree = "<group>"; };
		84400E361FC76F86006CF7B8 /* Base */ = {isa = PBXFileReference; lastKnownFileType = file.storyboard; name = Base; path = Base.lproj/LaunchScreen.storyboard; sourceTree = "<group>"; };
		84400E381FC76F86006CF7B8 /* Info.plist */ = {isa = PBXFileReference; lastKnownFileType = text.plist.xml; path = Info.plist; sourceTree = "<group>"; };
		84400E391FC76F86006CF7B8 /* main.m */ = {isa = PBXFileReference; lastKnownFileType = sourcecode.c.objc; path = main.m; sourceTree = "<group>"; };
		84400E421FC77233006CF7B8 /* Pluto.png */ = {isa = PBXFileReference; lastKnownFileType = image.png; path = Pluto.png; sourceTree = "<group>"; };
		84400E431FC77233006CF7B8 /* Jupiter.png */ = {isa = PBXFileReference; lastKnownFileType = image.png; path = Jupiter.png; sourceTree = "<group>"; };
		84400E441FC77233006CF7B8 /* Earth.png */ = {isa = PBXFileReference; lastKnownFileType = image.png; path = Earth.png; sourceTree = "<group>"; };
		84400E451FC77234006CF7B8 /* Venus.png */ = {isa = PBXFileReference; lastKnownFileType = image.png; path = Venus.png; sourceTree = "<group>"; };
		84400E461FC77234006CF7B8 /* Mercury.png */ = {isa = PBXFileReference; lastKnownFileType = image.png; path = Mercury.png; sourceTree = "<group>"; };
		84400E471FC77234006CF7B8 /* Neptune.png */ = {isa = PBXFileReference; lastKnownFileType = image.png; path = Neptune.png; sourceTree = "<group>"; };
		84400E481FC77234006CF7B8 /* Saturn.png */ = {isa = PBXFileReference; lastKnownFileType = image.png; path = Saturn.png; sourceTree = "<group>"; };
		84400E491FC77234006CF7B8 /* Mars.png */ = {isa = PBXFileReference; lastKnownFileType = image.png; path = Mars.png; sourceTree = "<group>"; };
		84400E4A1FC77234006CF7B8 /* Moon.png */ = {isa = PBXFileReference; lastKnownFileType = image.png; path = Moon.png; sourceTree = "<group>"; };
		84400E4B1FC77235006CF7B8 /* Uranus.png */ = {isa = PBXFileReference; lastKnownFileType = image.png; path = Uranus.png; sourceTree = "<group>"; };
		84400E561FC77263006CF7B8 /* Planet.h */ = {isa = PBXFileReference; lastKnownFileType = sourcecode.c.h; path = Planet.h; sourceTree = "<group>"; };
		84400E571FC77263006CF7B8 /* Planet.m */ = {isa = PBXFileReference; lastKnownFileType = sourcecode.c.objc; path = Planet.m; sourceTree = "<group>"; };
		84400E591FC77B10006CF7B8 /* PlanetList.h */ = {isa = PBXFileReference; lastKnownFileType = sourcecode.c.h; path = PlanetList.h; sourceTree = "<group>"; };
		84400E5A1FC77B10006CF7B8 /* PlanetList.m */ = {isa = PBXFileReference; lastKnownFileType = sourcecode.c.objc; path = PlanetList.m; sourceTree = "<group>"; };
		84400E5C1FC786A8006CF7B8 /* TableViewController.h */ = {isa = PBXFileReference; lastKnownFileType = sourcecode.c.h; path = TableViewController.h; sourceTree = "<group>"; };
		84400E5D1FC786A8006CF7B8 /* TableViewController.m */ = {isa = PBXFileReference; lastKnownFileType = sourcecode.c.objc; path = TableViewController.m; sourceTree = "<group>"; };
		844CA38E1FC8C9DE0051BAA4 /* ImageViewController.h */ = {isa = PBXFileReference; lastKnownFileType = sourcecode.c.h; path = ImageViewController.h; sourceTree = "<group>"; };
		844CA38F1FC8C9DE0051BAA4 /* ImageViewController.m */ = {isa = PBXFileReference; lastKnownFileType = sourcecode.c.objc; path = ImageViewController.m; sourceTree = "<group>"; };
		844CA3911FC8DB650051BAA4 /* Earth.jpg */ = {isa = PBXFileReference; lastKnownFileType = image.jpeg; path = Earth.jpg; sourceTree = "<group>"; };
		844CA3931FC8E1D00051BAA4 /* Jupiter.jpg */ = {isa = PBXFileReference; lastKnownFileType = image.jpeg; path = Jupiter.jpg; sourceTree = "<group>"; };
		844CA3951FC8E1DB0051BAA4 /* Mars.jpg */ = {isa = PBXFileReference; lastKnownFileType = image.jpeg; path = Mars.jpg; sourceTree = "<group>"; };
		844CA3971FC8E1E30051BAA4 /* Mercury.jpg */ = {isa = PBXFileReference; lastKnownFileType = image.jpeg; path = Mercury.jpg; sourceTree = "<group>"; };
		844CA3991FC8E1EA0051BAA4 /* Moon.jpg */ = {isa = PBXFileReference; lastKnownFileType = image.jpeg; path = Moon.jpg; sourceTree = "<group>"; };
		844CA39B1FC8E2030051BAA4 /* Moon.jpg */ = {isa = PBXFileReference; lastKnownFileType = image.jpeg; name = Moon.jpg; path = ../../../../../Pictures/Planets/Moon.jpg; sourceTree = "<group>"; };
		844CA39D1FC8E20B0051BAA4 /* Neptune.jpg */ = {isa = PBXFileReference; lastKnownFileType = image.jpeg; path = Neptune.jpg; sourceTree = "<group>"; };
		844CA39F1FC8E21A0051BAA4 /* Pluto.jpg */ = {isa = PBXFileReference; lastKnownFileType = image.jpeg; path = Pluto.jpg; sourceTree = "<group>"; };
		844CA3A11FC8E2210051BAA4 /* Saturn.jpg */ = {isa = PBXFileReference; lastKnownFileType = image.jpeg; path = Saturn.jpg; sourceTree = "<group>"; };
		844CA3A31FC8E2300051BAA4 /* Uranus.jpg */ = {isa = PBXFileReference; lastKnownFileType = image.jpeg; path = Uranus.jpg; sourceTree = "<group>"; };
		844CA3A51FC8E2370051BAA4 /* Venus.jpg */ = {isa = PBXFileReference; lastKnownFileType = image.jpeg; path = Venus.jpg; sourceTree = "<group>"; };
/* End PBXFileReference section */

/* Begin PBXFrameworksBuildPhase section */
		84400E241FC76F86006CF7B8 /* Frameworks */ = {
			isa = PBXFrameworksBuildPhase;
			buildActionMask = 2147483647;
			files = (
			);
			runOnlyForDeploymentPostprocessing = 0;
		};
/* End PBXFrameworksBuildPhase section */

/* Begin PBXGroup section */
		84400E1E1FC76F86006CF7B8 = {
			isa = PBXGroup;
			children = (
				84400E291FC76F86006CF7B8 /* SolarSystemApp */,
				84400E281FC76F86006CF7B8 /* Products */,
			);
			sourceTree = "<group>";
		};
		84400E281FC76F86006CF7B8 /* Products */ = {
			isa = PBXGroup;
			children = (
				84400E271FC76F86006CF7B8 /* SolarSystemApp.app */,
			);
			name = Products;
			sourceTree = "<group>";
		};
		84400E291FC76F86006CF7B8 /* SolarSystemApp */ = {
			isa = PBXGroup;
			children = (
				844CA38E1FC8C9DE0051BAA4 /* ImageViewController.h */,
				844CA38F1FC8C9DE0051BAA4 /* ImageViewController.m */,
				84400E591FC77B10006CF7B8 /* PlanetList.h */,
				84400E5A1FC77B10006CF7B8 /* PlanetList.m */,
				84400E411FC77214006CF7B8 /* Assets */,
				84400E2A1FC76F86006CF7B8 /* AppDelegate.h */,
				84400E2B1FC76F86006CF7B8 /* AppDelegate.m */,
				84400E301FC76F86006CF7B8 /* Main.storyboard */,
				84400E331FC76F86006CF7B8 /* Assets.xcassets */,
				84400E351FC76F86006CF7B8 /* LaunchScreen.storyboard */,
				84400E381FC76F86006CF7B8 /* Info.plist */,
				84400E391FC76F86006CF7B8 /* main.m */,
				84400E561FC77263006CF7B8 /* Planet.h */,
				84400E571FC77263006CF7B8 /* Planet.m */,
				84400E5C1FC786A8006CF7B8 /* TableViewController.h */,
				84400E5D1FC786A8006CF7B8 /* TableViewController.m */,
			);
			path = SolarSystemApp;
			sourceTree = "<group>";
		};
		84400E411FC77214006CF7B8 /* Assets */ = {
			isa = PBXGroup;
			children = (
				844CA3971FC8E1E30051BAA4 /* Mercury.jpg */,
				844CA3911FC8DB650051BAA4 /* Earth.jpg */,
				844CA3931FC8E1D00051BAA4 /* Jupiter.jpg */,
				844CA39F1FC8E21A0051BAA4 /* Pluto.jpg */,
				844CA39B1FC8E2030051BAA4 /* Moon.jpg */,
				844CA3951FC8E1DB0051BAA4 /* Mars.jpg */,
				84400E441FC77233006CF7B8 /* Earth.png */,
				844CA3991FC8E1EA0051BAA4 /* Moon.jpg */,
				84400E431FC77233006CF7B8 /* Jupiter.png */,
				844CA3A31FC8E2300051BAA4 /* Uranus.jpg */,
				84400E491FC77234006CF7B8 /* Mars.png */,
				844CA3A11FC8E2210051BAA4 /* Saturn.jpg */,
				844CA3A51FC8E2370051BAA4 /* Venus.jpg */,
				844CA39D1FC8E20B0051BAA4 /* Neptune.jpg */,
				84400E461FC77234006CF7B8 /* Mercury.png */,
				84400E4A1FC77234006CF7B8 /* Moon.png */,
				84400E471FC77234006CF7B8 /* Neptune.png */,
				84400E421FC77233006CF7B8 /* Pluto.png */,
				84400E481FC77234006CF7B8 /* Saturn.png */,
				84400E4B1FC77235006CF7B8 /* Uranus.png */,
				84400E451FC77234006CF7B8 /* Venus.png */,
			);
			path = Assets;
			sourceTree = "<group>";
		};
/* End PBXGroup section */

/* Begin PBXNativeTarget section */
		84400E261FC76F86006CF7B8 /* SolarSystemApp */ = {
			isa = PBXNativeTarget;
			buildConfigurationList = 84400E3D1FC76F86006CF7B8 /* Build configuration list for PBXNativeTarget "SolarSystemApp" */;
			buildPhases = (
				84400E231FC76F86006CF7B8 /* Sources */,
				84400E241FC76F86006CF7B8 /* Frameworks */,
				84400E251FC76F86006CF7B8 /* Resources */,
			);
			buildRules = (
			);
			dependencies = (
			);
			name = SolarSystemApp;
			productName = SolarSystemApp;
			productReference = 84400E271FC76F86006CF7B8 /* SolarSystemApp.app */;
			productType = "com.apple.product-type.application";
		};
/* End PBXNativeTarget section */

/* Begin PBXProject section */
		84400E1F1FC76F86006CF7B8 /* Project object */ = {
			isa = PBXProject;
			attributes = {
				LastUpgradeCheck = 0910;
				ORGANIZATIONNAME = Admin;
				TargetAttributes = {
					84400E261FC76F86006CF7B8 = {
						CreatedOnToolsVersion = 9.1;
						ProvisioningStyle = Automatic;
					};
				};
			};
			buildConfigurationList = 84400E221FC76F86006CF7B8 /* Build configuration list for PBXProject "SolarSystemApp" */;
			compatibilityVersion = "Xcode 8.0";
			developmentRegion = en;
			hasScannedForEncodings = 0;
			knownRegions = (
				en,
				Base,
			);
			mainGroup = 84400E1E1FC76F86006CF7B8;
			productRefGroup = 84400E281FC76F86006CF7B8 /* Products */;
			projectDirPath = "";
			projectRoot = "";
			targets = (
				84400E261FC76F86006CF7B8 /* SolarSystemApp */,
			);
		};
/* End PBXProject section */

/* Begin PBXResourcesBuildPhase section */
		84400E251FC76F86006CF7B8 /* Resources */ = {
			isa = PBXResourcesBuildPhase;
			buildActionMask = 2147483647;
			files = (
				844CA3A01FC8E21B0051BAA4 /* Pluto.jpg in Resources */,
				84400E541FC77235006CF7B8 /* Moon.png in Resources */,
				844CA3A21FC8E2220051BAA4 /* Saturn.jpg in Resources */,
				84400E4E1FC77235006CF7B8 /* Earth.png in Resources */,
				844CA39A1FC8E1EA0051BAA4 /* Moon.jpg in Resources */,
				84400E531FC77235006CF7B8 /* Mars.png in Resources */,
				84400E4C1FC77235006CF7B8 /* Pluto.png in Resources */,
				844CA39E1FC8E20B0051BAA4 /* Neptune.jpg in Resources */,
				844CA39C1FC8E2030051BAA4 /* Moon.jpg in Resources */,
				84400E521FC77235006CF7B8 /* Saturn.png in Resources */,
				84400E371FC76F86006CF7B8 /* LaunchScreen.storyboard in Resources */,
				844CA3921FC8DB650051BAA4 /* Earth.jpg in Resources */,
				84400E341FC76F86006CF7B8 /* Assets.xcassets in Resources */,
				844CA3941FC8E1D00051BAA4 /* Jupiter.jpg in Resources */,
				84400E4F1FC77235006CF7B8 /* Venus.png in Resources */,
				844CA3A41FC8E2310051BAA4 /* Uranus.jpg in Resources */,
				844CA3961FC8E1DB0051BAA4 /* Mars.jpg in Resources */,
				844CA3A61FC8E2370051BAA4 /* Venus.jpg in Resources */,
				844CA3981FC8E1E40051BAA4 /* Mercury.jpg in Resources */,
				84400E501FC77235006CF7B8 /* Mercury.png in Resources */,
				84400E551FC77235006CF7B8 /* Uranus.png in Resources */,
				84400E511FC77235006CF7B8 /* Neptune.png in Resources */,
				84400E4D1FC77235006CF7B8 /* Jupiter.png in Resources */,
				84400E321FC76F86006CF7B8 /* Main.storyboard in Resources */,
			);
			runOnlyForDeploymentPostprocessing = 0;
		};
/* End PBXResourcesBuildPhase section */

/* Begin PBXSourcesBuildPhase section */
		84400E231FC76F86006CF7B8 /* Sources */ = {
			isa = PBXSourcesBuildPhase;
			buildActionMask = 2147483647;
			files = (
				844CA3901FC8C9DE0051BAA4 /* ImageViewController.m in Sources */,
				84400E5B1FC77B10006CF7B8 /* PlanetList.m in Sources */,
				84400E3A1FC76F86006CF7B8 /* main.m in Sources */,
				84400E2C1FC76F86006CF7B8 /* AppDelegate.m in Sources */,
				84400E5E1FC786A8006CF7B8 /* TableViewController.m in Sources */,
				84400E581FC77263006CF7B8 /* Planet.m in Sources */,
			);
			runOnlyForDeploymentPostprocessing = 0;
		};
/* End PBXSourcesBuildPhase section */

/* Begin PBXVariantGroup section */
		84400E301FC76F86006CF7B8 /* Main.storyboard */ = {
			isa = PBXVariantGroup;
			children = (
				84400E311FC76F86006CF7B8 /* Base */,
			);
			name = Main.storyboard;
			sourceTree = "<group>";
		};
		84400E351FC76F86006CF7B8 /* LaunchScreen.storyboard */ = {
			isa = PBXVariantGroup;
			children = (
				84400E361FC76F86006CF7B8 /* Base */,
			);
			name = LaunchScreen.storyboard;
			sourceTree = "<group>";
		};
/* End PBXVariantGroup section */

/* Begin XCBuildConfiguration section */
		84400E3B1FC76F86006CF7B8 /* Debug */ = {
			isa = XCBuildConfiguration;
			buildSettings = {
				ALWAYS_SEARCH_USER_PATHS = NO;
				CLANG_ANALYZER_NONNULL = YES;
				CLANG_ANALYZER_NUMBER_OBJECT_CONVERSION = YES_AGGRESSIVE;
				CLANG_CXX_LANGUAGE_STANDARD = "gnu++14";
				CLANG_CXX_LIBRARY = "libc++";
				CLANG_ENABLE_MODULES = YES;
				CLANG_ENABLE_OBJC_ARC = YES;
				CLANG_WARN_BLOCK_CAPTURE_AUTORELEASING = YES;
				CLANG_WARN_BOOL_CONVERSION = YES;
				CLANG_WARN_COMMA = YES;
				CLANG_WARN_CONSTANT_CONVERSION = YES;
				CLANG_WARN_DIRECT_OBJC_ISA_USAGE = YES_ERROR;
				CLANG_WARN_DOCUMENTATION_COMMENTS = YES;
				CLANG_WARN_EMPTY_BODY = YES;
				CLANG_WARN_ENUM_CONVERSION = YES;
				CLANG_WARN_INFINITE_RECURSION = YES;
				CLANG_WARN_INT_CONVERSION = YES;
				CLANG_WARN_NON_LITERAL_NULL_CONVERSION = YES;
				CLANG_WARN_OBJC_LITERAL_CONVERSION = YES;
				CLANG_WARN_OBJC_ROOT_CLASS = YES_ERROR;
				CLANG_WARN_RANGE_LOOP_ANALYSIS = YES;
				CLANG_WARN_STRICT_PROTOTYPES = YES;
				CLANG_WARN_SUSPICIOUS_MOVE = YES;
				CLANG_WARN_UNGUARDED_AVAILABILITY = YES_AGGRESSIVE;
				CLANG_WARN_UNREACHABLE_CODE = YES;
				CLANG_WARN__DUPLICATE_METHOD_MATCH = YES;
				CODE_SIGN_IDENTITY = "iPhone Developer";
				COPY_PHASE_STRIP = NO;
				DEBUG_INFORMATION_FORMAT = dwarf;
				ENABLE_STRICT_OBJC_MSGSEND = YES;
				ENABLE_TESTABILITY = YES;
				GCC_C_LANGUAGE_STANDARD = gnu11;
				GCC_DYNAMIC_NO_PIC = NO;
				GCC_NO_COMMON_BLOCKS = YES;
				GCC_OPTIMIZATION_LEVEL = 0;
				GCC_PREPROCESSOR_DEFINITIONS = (
					"DEBUG=1",
					"$(inherited)",
				);
				GCC_WARN_64_TO_32_BIT_CONVERSION = YES;
				GCC_WARN_ABOUT_RETURN_TYPE = YES_ERROR;
				GCC_WARN_UNDECLARED_SELECTOR = YES;
				GCC_WARN_UNINITIALIZED_AUTOS = YES_AGGRESSIVE;
				GCC_WARN_UNUSED_FUNCTION = YES;
				GCC_WARN_UNUSED_VARIABLE = YES;
				IPHONEOS_DEPLOYMENT_TARGET = 11.1;
				MTL_ENABLE_DEBUG_INFO = YES;
				ONLY_ACTIVE_ARCH = YES;
				SDKROOT = iphoneos;
			};
			name = Debug;
		};
		84400E3C1FC76F86006CF7B8 /* Release */ = {
			isa = XCBuildConfiguration;
			buildSettings = {
				ALWAYS_SEARCH_USER_PATHS = NO;
				CLANG_ANALYZER_NONNULL = YES;
				CLANG_ANALYZER_NUMBER_OBJECT_CONVERSION = YES_AGGRESSIVE;
				CLANG_CXX_LANGUAGE_STANDARD = "gnu++14";
				CLANG_CXX_LIBRARY = "libc++";
				CLANG_ENABLE_MODULES = YES;
				CLANG_ENABLE_OBJC_ARC = YES;
				CLANG_WARN_BLOCK_CAPTURE_AUTORELEASING = YES;
				CLANG_WARN_BOOL_CONVERSION = YES;
				CLANG_WARN_COMMA = YES;
				CLANG_WARN_CONSTANT_CONVERSION = YES;
				CLANG_WARN_DIRECT_OBJC_ISA_USAGE = YES_ERROR;
				CLANG_WARN_DOCUMENTATION_COMMENTS = YES;
				CLANG_WARN_EMPTY_BODY = YES;
				CLANG_WARN_ENUM_CONVERSION = YES;
				CLANG_WARN_INFINITE_RECURSION = YES;
				CLANG_WARN_INT_CONVERSION = YES;
				CLANG_WARN_NON_LITERAL_NULL_CONVERSION = YES;
				CLANG_WARN_OBJC_LITERAL_CONVERSION = YES;
				CLANG_WARN_OBJC_ROOT_CLASS = YES_ERROR;
				CLANG_WARN_RANGE_LOOP_ANALYSIS = YES;
				CLANG_WARN_STRICT_PROTOTYPES = YES;
				CLANG_WARN_SUSPICIOUS_MOVE = YES;
				CLANG_WARN_UNGUARDED_AVAILABILITY = YES_AGGRESSIVE;
				CLANG_WARN_UNREACHABLE_CODE = YES;
				CLANG_WARN__DUPLICATE_METHOD_MATCH = YES;
				CODE_SIGN_IDENTITY = "iPhone Developer";
				COPY_PHASE_STRIP = NO;
				DEBUG_INFORMATION_FORMAT = "dwarf-with-dsym";
				ENABLE_NS_ASSERTIONS = NO;
				ENABLE_STRICT_OBJC_MSGSEND = YES;
				GCC_C_LANGUAGE_STANDARD = gnu11;
				GCC_NO_COMMON_BLOCKS = YES;
				GCC_WARN_64_TO_32_BIT_CONVERSION = YES;
				GCC_WARN_ABOUT_RETURN_TYPE = YES_ERROR;
				GCC_WARN_UNDECLARED_SELECTOR = YES;
				GCC_WARN_UNINITIALIZED_AUTOS = YES_AGGRESSIVE;
				GCC_WARN_UNUSED_FUNCTION = YES;
				GCC_WARN_UNUSED_VARIABLE = YES;
				IPHONEOS_DEPLOYMENT_TARGET = 11.1;
				MTL_ENABLE_DEBUG_INFO = NO;
				SDKROOT = iphoneos;
				VALIDATE_PRODUCT = YES;
			};
			name = Release;
		};
		84400E3E1FC76F86006CF7B8 /* Debug */ = {
			isa = XCBuildConfiguration;
			buildSettings = {
				ASSETCATALOG_COMPILER_APPICON_NAME = AppIcon;
				CODE_SIGN_STYLE = Automatic;
				DEVELOPMENT_TEAM = 2TMC696RQZ;
				INFOPLIST_FILE = SolarSystemApp/Info.plist;
				LD_RUNPATH_SEARCH_PATHS = "$(inherited) @executable_path/Frameworks";
				PRODUCT_BUNDLE_IDENTIFIER = ru.SolarSystemApp;
				PRODUCT_NAME = "$(TARGET_NAME)";
				TARGETED_DEVICE_FAMILY = "1,2";
			};
			name = Debug;
		};
		84400E3F1FC76F86006CF7B8 /* Release */ = {
			isa = XCBuildConfiguration;
			buildSettings = {
				ASSETCATALOG_COMPILER_APPICON_NAME = AppIcon;
				CODE_SIGN_STYLE = Automatic;
				DEVELOPMENT_TEAM = 2TMC696RQZ;
				INFOPLIST_FILE = SolarSystemApp/Info.plist;
				LD_RUNPATH_SEARCH_PATHS = "$(inherited) @executable_path/Frameworks";
				PRODUCT_BUNDLE_IDENTIFIER = ru.SolarSystemApp;
				PRODUCT_NAME = "$(TARGET_NAME)";
				TARGETED_DEVICE_FAMILY = "1,2";
			};
			name = Release;
		};
/* End XCBuildConfiguration section */

/* Begin XCConfigurationList section */
		84400E221FC76F86006CF7B8 /* Build configuration list for PBXProject "SolarSystemApp" */ = {
			isa = XCConfigurationList;
			buildConfigurations = (
				84400E3B1FC76F86006CF7B8 /* Debug */,
				84400E3C1FC76F86006CF7B8 /* Release */,
			);
			defaultConfigurationIsVisible = 0;
			defaultConfigurationName = Release;
		};
		84400E3D1FC76F86006CF7B8 /* Build configuration list for PBXNativeTarget "SolarSystemApp" */ = {
			isa = XCConfigurationList;
			buildConfigurations = (
				84400E3E1FC76F86006CF7B8 /* Debug */,
				84400E3F1FC76F86006CF7B8 /* Release */,
			);
			defaultConfigurationIsVisible = 0;
			defaultConfigurationName = Release;
		};
/* End XCConfigurationList section */
	};
	rootObject = 84400E1F1FC76F86006CF7B8 /* Project object */;
}
